
Microsoft Visual Studio Solution File, Format Version 12.00
# Visual Studio Version 17
VisualStudioVersion = 17.5.002.0
MinimumVisualStudioVersion = 10.0.40219.1
Project("{2150E333-8FDC-42A3-9474-1A3956D46DE8}") = "sandbox", "sandbox", "{6B4A606C-CA01-40D6-A487-44B2254DE72E}"
EndProject
Project("{9A19103F-16F7-4668-BE54-9A1E7A4F7556}") = "sandbox_project", "sandbox\sandbox_project\sandbox_project.csproj", "{F6D6C35A-2A1E-4354-9688-4BCC7EA2F1B0}"
EndProject
Project("{2150E333-8FDC-42A3-9474-1A3956D46DE8}") = "week01", "week01", "{3CC601EE-58C2-41EE-B82C-0F2A9E3A2CE2}"
EndProject
Project("{9A19103F-16F7-4668-BE54-9A1E7A4F7556}") = "analyze", "week01\analyze\analyze.csproj", "{E2FFC41C-08E5-4EBF-94FF-C43E9148DF51}"
EndProject
Project("{9A19103F-16F7-4668-BE54-9A1E7A4F7556}") = "code", "week01\code\code.csproj", "{0B2BFBDF-392B-43A8-A11A-E34DB0A8A0D0}"
EndProject
Project("{9A19103F-16F7-4668-BE54-9A1E7A4F7556}") = "teach", "week01\teach\teach.csproj", "{6C273CC9-A5AB-4460-B9B4-E981AB6D951F}"
EndProject
Project("{2150E333-8FDC-42A3-9474-1A3956D46DE8}") = "week02", "week02", "{9303476E-4495-44AA-8592-83A88BCE96BE}"
EndProject
Project("{9A19103F-16F7-4668-BE54-9A1E7A4F7556}") = "analyze", "week02\analyze\analyze.csproj", "{6EEE2AA1-622D-4FF6-85D0-4A6AAAF9254E}"
EndProject
Project("{9A19103F-16F7-4668-BE54-9A1E7A4F7556}") = "code", "week02\code\code.csproj", "{0EB212E5-2540-4718-B3F8-BF44420EACCE}"
EndProject
Project("{9A19103F-16F7-4668-BE54-9A1E7A4F7556}") = "learn", "week02\learn\learn.csproj", "{E436FB83-FE8F-4266-85B1-CAEC4C509FF5}"
EndProject
Project("{9A19103F-16F7-4668-BE54-9A1E7A4F7556}") = "teach", "week02\teach\teach.csproj", "{A73C2967-8ED7-4849-A20B-3B029CC27B0E}"
EndProject
Project("{2150E333-8FDC-42A3-9474-1A3956D46DE8}") = "week03", "week03", "{AA02F66F-FEFA-4645-AF02-749C45D1B8AD}"
EndProject
Project("{9A19103F-16F7-4668-BE54-9A1E7A4F7556}") = "code", "week03\code\code.csproj", "{599A12DC-2E06-4C1A-9171-F13493E56B8A}"
EndProject
Project("{9A19103F-16F7-4668-BE54-9A1E7A4F7556}") = "learn", "week03\learn\learn.csproj", "{772E6040-9919-4E92-B40A-7387148EEF2A}"
EndProject
Project("{9A19103F-16F7-4668-BE54-9A1E7A4F7556}") = "teach", "week03\teach\teach.csproj", "{87AA5959-81E0-4C5B-BB28-A5F880ECB706}"
EndProject
Project("{2150E333-8FDC-42A3-9474-1A3956D46DE8}") = "week04", "week04", "{8C346AFC-C059-4D62-A891-68BB81E2469B}"
EndProject
Project("{9A19103F-16F7-4668-BE54-9A1E7A4F7556}") = "code", "week04\code\code.csproj", "{7587EF2A-0CC8-4D18-A537-B794BEF3F907}"
EndProject
Project("{2150E333-8FDC-42A3-9474-1A3956D46DE8}") = "week05", "week05", "{22C03F21-FA9D-48F3-B45D-EC407541E99E}"
EndProject
Project("{9A19103F-16F7-4668-BE54-9A1E7A4F7556}") = "code", "week05\code\code.csproj", "{A7898BE1-57FA-44D1-8A1A-3EE948CF833D}"
EndProject
Project("{2150E333-8FDC-42A3-9474-1A3956D46DE8}") = "week06", "week06", "{6F42C38F-5A2D-44C5-A90B-E27F2FBA8287}"
EndProject
Project("{9A19103F-16F7-4668-BE54-9A1E7A4F7556}") = "code", "week06\code\code.csproj", "{7EBFE92B-64BC-4BF9-9051-E35D3DBEC1C4}"
EndProject
Global
	GlobalSection(SolutionConfigurationPlatforms) = preSolution
		Debug|Any CPU = Debug|Any CPU
		Release|Any CPU = Release|Any CPU
	EndGlobalSection
	GlobalSection(ProjectConfigurationPlatforms) = postSolution
		{F6D6C35A-2A1E-4354-9688-4BCC7EA2F1B0}.Debug|Any CPU.ActiveCfg = Debug|Any CPU
		{F6D6C35A-2A1E-4354-9688-4BCC7EA2F1B0}.Debug|Any CPU.Build.0 = Debug|Any CPU
		{F6D6C35A-2A1E-4354-9688-4BCC7EA2F1B0}.Release|Any CPU.ActiveCfg = Release|Any CPU
		{F6D6C35A-2A1E-4354-9688-4BCC7EA2F1B0}.Release|Any CPU.Build.0 = Release|Any CPU
		{E2FFC41C-08E5-4EBF-94FF-C43E9148DF51}.Debug|Any CPU.ActiveCfg = Debug|Any CPU
		{E2FFC41C-08E5-4EBF-94FF-C43E9148DF51}.Debug|Any CPU.Build.0 = Debug|Any CPU
		{E2FFC41C-08E5-4EBF-94FF-C43E9148DF51}.Release|Any CPU.ActiveCfg = Release|Any CPU
		{E2FFC41C-08E5-4EBF-94FF-C43E9148DF51}.Release|Any CPU.Build.0 = Release|Any CPU
		{0B2BFBDF-392B-43A8-A11A-E34DB0A8A0D0}.Debug|Any CPU.ActiveCfg = Debug|Any CPU
		{0B2BFBDF-392B-43A8-A11A-E34DB0A8A0D0}.Debug|Any CPU.Build.0 = Debug|Any CPU
		{0B2BFBDF-392B-43A8-A11A-E34DB0A8A0D0}.Release|Any CPU.ActiveCfg = Release|Any CPU
		{0B2BFBDF-392B-43A8-A11A-E34DB0A8A0D0}.Release|Any CPU.Build.0 = Release|Any CPU
		{6C273CC9-A5AB-4460-B9B4-E981AB6D951F}.Debug|Any CPU.ActiveCfg = Debug|Any CPU
		{6C273CC9-A5AB-4460-B9B4-E981AB6D951F}.Debug|Any CPU.Build.0 = Debug|Any CPU
		{6C273CC9-A5AB-4460-B9B4-E981AB6D951F}.Release|Any CPU.ActiveCfg = Release|Any CPU
		{6C273CC9-A5AB-4460-B9B4-E981AB6D951F}.Release|Any CPU.Build.0 = Release|Any CPU
		{6EEE2AA1-622D-4FF6-85D0-4A6AAAF9254E}.Debug|Any CPU.ActiveCfg = Debug|Any CPU
		{6EEE2AA1-622D-4FF6-85D0-4A6AAAF9254E}.Debug|Any CPU.Build.0 = Debug|Any CPU
		{6EEE2AA1-622D-4FF6-85D0-4A6AAAF9254E}.Release|Any CPU.ActiveCfg = Release|Any CPU
		{6EEE2AA1-622D-4FF6-85D0-4A6AAAF9254E}.Release|Any CPU.Build.0 = Release|Any CPU
		{0EB212E5-2540-4718-B3F8-BF44420EACCE}.Debug|Any CPU.ActiveCfg = Debug|Any CPU
		{0EB212E5-2540-4718-B3F8-BF44420EACCE}.Debug|Any CPU.Build.0 = Debug|Any CPU
		{0EB212E5-2540-4718-B3F8-BF44420EACCE}.Release|Any CPU.ActiveCfg = Release|Any CPU
		{0EB212E5-2540-4718-B3F8-BF44420EACCE}.Release|Any CPU.Build.0 = Release|Any CPU
		{E436FB83-FE8F-4266-85B1-CAEC4C509FF5}.Debug|Any CPU.ActiveCfg = Debug|Any CPU
		{E436FB83-FE8F-4266-85B1-CAEC4C509FF5}.Debug|Any CPU.Build.0 = Debug|Any CPU
		{E436FB83-FE8F-4266-85B1-CAEC4C509FF5}.Release|Any CPU.ActiveCfg = Release|Any CPU
		{E436FB83-FE8F-4266-85B1-CAEC4C509FF5}.Release|Any CPU.Build.0 = Release|Any CPU
		{A73C2967-8ED7-4849-A20B-3B029CC27B0E}.Debug|Any CPU.ActiveCfg = Debug|Any CPU
		{A73C2967-8ED7-4849-A20B-3B029CC27B0E}.Debug|Any CPU.Build.0 = Debug|Any CPU
		{A73C2967-8ED7-4849-A20B-3B029CC27B0E}.Release|Any CPU.ActiveCfg = Release|Any CPU
		{A73C2967-8ED7-4849-A20B-3B029CC27B0E}.Release|Any CPU.Build.0 = Release|Any CPU
		{599A12DC-2E06-4C1A-9171-F13493E56B8A}.Debug|Any CPU.ActiveCfg = Debug|Any CPU
		{599A12DC-2E06-4C1A-9171-F13493E56B8A}.Debug|Any CPU.Build.0 = Debug|Any CPU
		{599A12DC-2E06-4C1A-9171-F13493E56B8A}.Release|Any CPU.ActiveCfg = Release|Any CPU
		{599A12DC-2E06-4C1A-9171-F13493E56B8A}.Release|Any CPU.Build.0 = Release|Any CPU
		{772E6040-9919-4E92-B40A-7387148EEF2A}.Debug|Any CPU.ActiveCfg = Debug|Any CPU
		{772E6040-9919-4E92-B40A-7387148EEF2A}.Debug|Any CPU.Build.0 = Debug|Any CPU
		{772E6040-9919-4E92-B40A-7387148EEF2A}.Release|Any CPU.ActiveCfg = Release|Any CPU
		{772E6040-9919-4E92-B40A-7387148EEF2A}.Release|Any CPU.Build.0 = Release|Any CPU
		{87AA5959-81E0-4C5B-BB28-A5F880ECB706}.Debug|Any CPU.ActiveCfg = Debug|Any CPU
		{87AA5959-81E0-4C5B-BB28-A5F880ECB706}.Debug|Any CPU.Build.0 = Debug|Any CPU
		{87AA5959-81E0-4C5B-BB28-A5F880ECB706}.Release|Any CPU.ActiveCfg = Release|Any CPU
		{87AA5959-81E0-4C5B-BB28-A5F880ECB706}.Release|Any CPU.Build.0 = Release|Any CPU
		{7587EF2A-0CC8-4D18-A537-B794BEF3F907}.Debug|Any CPU.ActiveCfg = Debug|Any CPU
		{7587EF2A-0CC8-4D18-A537-B794BEF3F907}.Debug|Any CPU.Build.0 = Debug|Any CPU
		{7587EF2A-0CC8-4D18-A537-B794BEF3F907}.Release|Any CPU.ActiveCfg = Release|Any CPU
		{7587EF2A-0CC8-4D18-A537-B794BEF3F907}.Release|Any CPU.Build.0 = Release|Any CPU
		{A7898BE1-57FA-44D1-8A1A-3EE948CF833D}.Debug|Any CPU.ActiveCfg = Debug|Any CPU
		{A7898BE1-57FA-44D1-8A1A-3EE948CF833D}.Debug|Any CPU.Build.0 = Debug|Any CPU
		{A7898BE1-57FA-44D1-8A1A-3EE948CF833D}.Release|Any CPU.ActiveCfg = Release|Any CPU
		{A7898BE1-57FA-44D1-8A1A-3EE948CF833D}.Release|Any CPU.Build.0 = Release|Any CPU
		{7EBFE92B-64BC-4BF9-9051-E35D3DBEC1C4}.Debug|Any CPU.ActiveCfg = Debug|Any CPU
		{7EBFE92B-64BC-4BF9-9051-E35D3DBEC1C4}.Debug|Any CPU.Build.0 = Debug|Any CPU
		{7EBFE92B-64BC-4BF9-9051-E35D3DBEC1C4}.Release|Any CPU.ActiveCfg = Release|Any CPU
		{7EBFE92B-64BC-4BF9-9051-E35D3DBEC1C4}.Release|Any CPU.Build.0 = Release|Any CPU
	EndGlobalSection
	GlobalSection(SolutionProperties) = preSolution
		HideSolutionNode = FALSE
	EndGlobalSection
	GlobalSection(NestedProjects) = preSolution
		{F6D6C35A-2A1E-4354-9688-4BCC7EA2F1B0} = {6B4A606C-CA01-40D6-A487-44B2254DE72E}
		{E2FFC41C-08E5-4EBF-94FF-C43E9148DF51} = {3CC601EE-58C2-41EE-B82C-0F2A9E3A2CE2}
		{0B2BFBDF-392B-43A8-A11A-E34DB0A8A0D0} = {3CC601EE-58C2-41EE-B82C-0F2A9E3A2CE2}
		{6C273CC9-A5AB-4460-B9B4-E981AB6D951F} = {3CC601EE-58C2-41EE-B82C-0F2A9E3A2CE2}
		{6EEE2AA1-622D-4FF6-85D0-4A6AAAF9254E} = {9303476E-4495-44AA-8592-83A88BCE96BE}
		{0EB212E5-2540-4718-B3F8-BF44420EACCE} = {9303476E-4495-44AA-8592-83A88BCE96BE}
		{E436FB83-FE8F-4266-85B1-CAEC4C509FF5} = {9303476E-4495-44AA-8592-83A88BCE96BE}
		{A73C2967-8ED7-4849-A20B-3B029CC27B0E} = {9303476E-4495-44AA-8592-83A88BCE96BE}
		{599A12DC-2E06-4C1A-9171-F13493E56B8A} = {AA02F66F-FEFA-4645-AF02-749C45D1B8AD}
		{772E6040-9919-4E92-B40A-7387148EEF2A} = {AA02F66F-FEFA-4645-AF02-749C45D1B8AD}
		{87AA5959-81E0-4C5B-BB28-A5F880ECB706} = {AA02F66F-FEFA-4645-AF02-749C45D1B8AD}
		{7587EF2A-0CC8-4D18-A537-B794BEF3F907} = {8C346AFC-C059-4D62-A891-68BB81E2469B}
		{A7898BE1-57FA-44D1-8A1A-3EE948CF833D} = {22C03F21-FA9D-48F3-B45D-EC407541E99E}
		{7EBFE92B-64BC-4BF9-9051-E35D3DBEC1C4} = {6F42C38F-5A2D-44C5-A90B-E27F2FBA8287}
	EndGlobalSection
	GlobalSection(ExtensibilityGlobals) = postSolution
		SolutionGuid = {0984F85E-7882-4140-9742-AAC032196B1B}
	EndGlobalSection
EndGlobal
